// !$*UTF8*$!
{
	archiveVersion = 1;
	classes = {
	};
	objectVersion = 46;
	objects = {

/* Begin PBXBuildFile section */
		C2C637221F272BCA00772DE9 /* IgnoreXcodeImageCompletions.xcplugin in Install Plugin */ = {isa = PBXBuildFile; fileRef = C2C637181F272B4200772DE9 /* IgnoreXcodeImageCompletions.xcplugin */; };
		C2C637251F272BDB00772DE9 /* IgnoreXcodeImageCompletions.m in Sources */ = {isa = PBXBuildFile; fileRef = C2C637241F272BDB00772DE9 /* IgnoreXcodeImageCompletions.m */; };
/* End PBXBuildFile section */

/* Begin PBXCopyFilesBuildPhase section */
		C2C637211F272BBB00772DE9 /* Install Plugin */ = {
			isa = PBXCopyFilesBuildPhase;
			buildActionMask = 2147483647;
			dstPath = "~/Library/Application Support/Developer/Shared/Xcode/Plug-ins";
			dstSubfolderSpec = 0;
			files = (
				C2C637221F272BCA00772DE9 /* IgnoreXcodeImageCompletions.xcplugin in Install Plugin */,
			);
			name = "Install Plugin";
			runOnlyForDeploymentPostprocessing = 0;
		};
/* End PBXCopyFilesBuildPhase section */

/* Begin PBXFileReference section */
		C2C637181F272B4200772DE9 /* IgnoreXcodeImageCompletions.xcplugin */ = {isa = PBXFileReference; explicitFileType = wrapper.cfbundle; includeInIndex = 0; path = IgnoreXcodeImageCompletions.xcplugin; sourceTree = BUILT_PRODUCTS_DIR; };
		C2C6371B1F272B4200772DE9 /* Info.plist */ = {isa = PBXFileReference; lastKnownFileType = text.plist.xml; path = Info.plist; sourceTree = "<group>"; };
		C2C637231F272BDB00772DE9 /* IgnoreXcodeImageCompletions.h */ = {isa = PBXFileReference; fileEncoding = 4; lastKnownFileType = sourcecode.c.h; path = IgnoreXcodeImageCompletions.h; sourceTree = "<group>"; };
		C2C637241F272BDB00772DE9 /* IgnoreXcodeImageCompletions.m */ = {isa = PBXFileReference; fileEncoding = 4; lastKnownFileType = sourcecode.c.objc; path = IgnoreXcodeImageCompletions.m; sourceTree = "<group>"; };
/* End PBXFileReference section */

/* Begin PBXGroup section */
		C2C6370F1F272B4200772DE9 = {
			isa = PBXGroup;
			children = (
				C2C6371A1F272B4200772DE9 /* IgnoreXcodeImageCompletions */,
				C2C637191F272B4200772DE9 /* Products */,
			);
			sourceTree = "<group>";
		};
		C2C637191F272B4200772DE9 /* Products */ = {
			isa = PBXGroup;
			children = (
				C2C637181F272B4200772DE9 /* IgnoreXcodeImageCompletions.xcplugin */,
			);
			name = Products;
			sourceTree = "<group>";
		};
		C2C6371A1F272B4200772DE9 /* IgnoreXcodeImageCompletions */ = {
			isa = PBXGroup;
			children = (
				C2C6371B1F272B4200772DE9 /* Info.plist */,
				C2C637231F272BDB00772DE9 /* IgnoreXcodeImageCompletions.h */,
				C2C637241F272BDB00772DE9 /* IgnoreXcodeImageCompletions.m */,
			);
			path = IgnoreXcodeImageCompletions;
			sourceTree = "<group>";
		};
/* End PBXGroup section */

/* Begin PBXNativeTarget section */
		C2C637171F272B4200772DE9 /* IgnoreXcodeImageCompletions */ = {
			isa = PBXNativeTarget;
			buildConfigurationList = C2C6371E1F272B4200772DE9 /* Build configuration list for PBXNativeTarget "IgnoreXcodeImageCompletions" */;
			buildPhases = (
				C2C637141F272B4200772DE9 /* Sources */,
				C2C637211F272BBB00772DE9 /* Install Plugin */,
			);
			buildRules = (
			);
			dependencies = (
			);
			name = IgnoreXcodeImageCompletions;
			productName = IgnoreXcodeImageCompletions;
			productReference = C2C637181F272B4200772DE9 /* IgnoreXcodeImageCompletions.xcplugin */;
			productType = "com.apple.product-type.bundle";
		};
/* End PBXNativeTarget section */

/* Begin PBXProject section */
		C2C637101F272B4200772DE9 /* Project object */ = {
			isa = PBXProject;
			attributes = {
				LastUpgradeCheck = 0830;
				ORGANIZATIONNAME = SmileyKeith;
				TargetAttributes = {
					C2C637171F272B4200772DE9 = {
						CreatedOnToolsVersion = 8.3.3;
						ProvisioningStyle = Automatic;
					};
				};
			};
			buildConfigurationList = C2C637131F272B4200772DE9 /* Build configuration list for PBXProject "IgnoreXcodeImageCompletions" */;
			compatibilityVersion = "Xcode 3.2";
			developmentRegion = English;
			hasScannedForEncodings = 0;
			knownRegions = (
				en,
			);
			mainGroup = C2C6370F1F272B4200772DE9;
			productRefGroup = C2C637191F272B4200772DE9 /* Products */;
			projectDirPath = "";
			projectRoot = "";
			targets = (
				C2C637171F272B4200772DE9 /* IgnoreXcodeImageCompletions */,
			);
		};
/* End PBXProject section */

/* Begin PBXSourcesBuildPhase section */
		C2C637141F272B4200772DE9 /* Sources */ = {
			isa = PBXSourcesBuildPhase;
			buildActionMask = 2147483647;
			files = (
				C2C637251F272BDB00772DE9 /* IgnoreXcodeImageCompletions.m in Sources */,
			);
			runOnlyForDeploymentPostprocessing = 0;
		};
/* End PBXSourcesBuildPhase section */

/* Begin XCBuildConfiguration section */
		C2C6371C1F272B4200772DE9 /* Debug */ = {
			isa = XCBuildConfiguration;
			buildSettings = {
				ALWAYS_SEARCH_USER_PATHS = NO;
				CLANG_ANALYZER_NONNULL = YES;
				CLANG_ANALYZER_NUMBER_OBJECT_CONVERSION = YES_AGGRESSIVE;
				CLANG_CXX_LANGUAGE_STANDARD = "gnu++0x";
				CLANG_CXX_LIBRARY = "libc++";
				CLANG_ENABLE_MODULES = YES;
				CLANG_ENABLE_OBJC_ARC = YES;
				CLANG_WARN_BOOL_CONVERSION = YES;
				CLANG_WARN_CONSTANT_CONVERSION = YES;
				CLANG_WARN_DIRECT_OBJC_ISA_USAGE = YES_ERROR;
				CLANG_WARN_DOCUMENTATION_COMMENTS = YES;
				CLANG_WARN_EMPTY_BODY = YES;
				CLANG_WARN_ENUM_CONVERSION = YES;
				CLANG_WARN_INFINITE_RECURSION = YES;
				CLANG_WARN_INT_CONVERSION = YES;
				CLANG_WARN_OBJC_ROOT_CLASS = YES_ERROR;
				CLANG_WARN_SUSPICIOUS_MOVE = YES;
				CLANG_WARN_UNREACHABLE_CODE = YES;
				CLANG_WARN__DUPLICATE_METHOD_MATCH = YES;
				CODE_SIGN_IDENTITY = "-";
				COPY_PHASE_STRIP = NO;
				DEBUG_INFORMATION_FORMAT = dwarf;
				ENABLE_STRICT_OBJC_MSGSEND = YES;
				ENABLE_TESTABILITY = YES;
				GCC_C_LANGUAGE_STANDARD = gnu99;
				GCC_DYNAMIC_NO_PIC = NO;
				GCC_NO_COMMON_BLOCKS = YES;
				GCC_OPTIMIZATION_LEVEL = 0;
				GCC_PREPROCESSOR_DEFINITIONS = (
					"DEBUG=1",
					"$(inherited)",
				);
				GCC_WARN_64_TO_32_BIT_CONVERSION = YES;
				GCC_WARN_ABOUT_RETURN_TYPE = YES_ERROR;
				GCC_WARN_UNDECLARED_SELECTOR = YES;
				GCC_WARN_UNINITIALIZED_AUTOS = YES_AGGRESSIVE;
				GCC_WARN_UNUSED_FUNCTION = YES;
				GCC_WARN_UNUSED_VARIABLE = YES;
				MACOSX_DEPLOYMENT_TARGET = 10.12;
				MTL_ENABLE_DEBUG_INFO = YES;
				ONLY_ACTIVE_ARCH = YES;
				SDKROOT = macosx;
			};
			name = Debug;
		};
		C2C6371D1F272B4200772DE9 /* Release */ = {
			isa = XCBuildConfiguration;
			buildSettings = {
				ALWAYS_SEARCH_USER_PATHS = NO;
				CLANG_ANALYZER_NONNULL = YES;
				CLANG_ANALYZER_NUMBER_OBJECT_CONVERSION = YES_AGGRESSIVE;
				CLANG_CXX_LANGUAGE_STANDARD = "gnu++0x";
				CLANG_CXX_LIBRARY = "libc++";
				CLANG_ENABLE_MODULES = YES;
				CLANG_ENABLE_OBJC_ARC = YES;
				CLANG_WARN_BOOL_CONVERSION = YES;
				CLANG_WARN_CONSTANT_CONVERSION = YES;
				CLANG_WARN_DIRECT_OBJC_ISA_USAGE = YES_ERROR;
				CLANG_WARN_DOCUMENTATION_COMMENTS = YES;
				CLANG_WARN_EMPTY_BODY = YES;
				CLANG_WARN_ENUM_CONVERSION = YES;
				CLANG_WARN_INFINITE_RECURSION = YES;
				CLANG_WARN_INT_CONVERSION = YES;
				CLANG_WARN_OBJC_ROOT_CLASS = YES_ERROR;
				CLANG_WARN_SUSPICIOUS_MOVE = YES;
				CLANG_WARN_UNREACHABLE_CODE = YES;
				CLANG_WARN__DUPLICATE_METHOD_MATCH = YES;
				CODE_SIGN_IDENTITY = "-";
				COPY_PHASE_STRIP = NO;
				DEBUG_INFORMATION_FORMAT = "dwarf-with-dsym";
				ENABLE_NS_ASSERTIONS = NO;
				ENABLE_STRICT_OBJC_MSGSEND = YES;
				GCC_C_LANGUAGE_STANDARD = gnu99;
				GCC_NO_COMMON_BLOCKS = YES;
				GCC_WARN_64_TO_32_BIT_CONVERSION = YES;
				GCC_WARN_ABOUT_RETURN_TYPE = YES_ERROR;
				GCC_WARN_UNDECLARED_SELECTOR = YES;
				GCC_WARN_UNINITIALIZED_AUTOS = YES_AGGRESSIVE;
				GCC_WARN_UNUSED_FUNCTION = YES;
				GCC_WARN_UNUSED_VARIABLE = YES;
				MACOSX_DEPLOYMENT_TARGET = 10.12;
				MTL_ENABLE_DEBUG_INFO = NO;
				SDKROOT = macosx;
			};
			name = Release;
		};
		C2C6371F1F272B4200772DE9 /* Debug */ = {
			isa = XCBuildConfiguration;
			buildSettings = {
				INFOPLIST_FILE = IgnoreXcodeImageCompletions/Info.plist;
				INSTALL_PATH = "$(LOCAL_LIBRARY_DIR)/Bundles";
				PRODUCT_BUNDLE_IDENTIFIER = com.smileykeith.IgnoreXcodeImageCompletions;
				PRODUCT_NAME = "$(TARGET_NAME)";
				SKIP_INSTALL = YES;
				WRAPPER_EXTENSION = xcplugin;
			};
			name = Debug;
		};
		C2C637201F272B4200772DE9 /* Release */ = {
			isa = XCBuildConfiguration;
			buildSettings = {
				INFOPLIST_FILE = IgnoreXcodeImageCompletions/Info.plist;
				INSTALL_PATH = "$(LOCAL_LIBRARY_DIR)/Bundles";
				PRODUCT_BUNDLE_IDENTIFIER = com.smileykeith.IgnoreXcodeImageCompletions;
				PRODUCT_NAME = "$(TARGET_NAME)";
				SKIP_INSTALL = YES;
				WRAPPER_EXTENSION = xcplugin;
			};
			name = Release;
		};
/* End XCBuildConfiguration section */

/* Begin XCConfigurationList section */
		C2C637131F272B4200772DE9 /* Build configuration list for PBXProject "IgnoreXcodeImageCompletions" */ = {
			isa = XCConfigurationList;
			buildConfigurations = (
				C2C6371C1F272B4200772DE9 /* Debug */,
				C2C6371D1F272B4200772DE9 /* Release */,
			);
			defaultConfigurationIsVisible = 0;
			defaultConfigurationName = Release;
		};
		C2C6371E1F272B4200772DE9 /* Build configuration list for PBXNativeTarget "IgnoreXcodeImageCompletions" */ = {
			isa = XCConfigurationList;
			buildConfigurations = (
				C2C6371F1F272B4200772DE9 /* Debug */,
				C2C637201F272B4200772DE9 /* Release */,
			);
			defaultConfigurationIsVisible = 0;
			defaultConfigurationName = Release;
		};
/* End XCConfigurationList section */
	};
	rootObject = C2C637101F272B4200772DE9 /* Project object */;
}
